
Microsoft Visual Studio Solution File, Format Version 12.00
# Visual Studio Version 17
VisualStudioVersion = 17.13.35931.197
MinimumVisualStudioVersion = 10.0.40219.1
Project("{2150E333-8FDC-42A3-9474-1A3956D46DE8}") = "Microservices", "Microservices", "{02EA681E-C7D8-13C7-8484-4AC65E1B71E8}"
	ProjectSection(SolutionItems) = preProject
		..\CRUD.Testing\Program.cs = ..\CRUD.Testing\Program.cs
	EndProjectSection
EndProject
Project("{FAE04EC0-301F-11D3-BF4B-00C04F79EFBC}") = "CRUD", "CRUD\CRUD.csproj", "{A683608A-F38D-4723-BE6B-D852E1E5BE83}"
EndProject
Project("{E53339B2-1760-4266-BCC7-CA923CBCF16C}") = "docker-compose", "docker-compose.dcproj", "{81DDED9D-158B-E303-5F62-77A2896D2A5A}"
EndProject
Project("{FAE04EC0-301F-11D3-BF4B-00C04F79EFBC}") = "ApiGetWay", "ApiGetWay\ApiGetWay.csproj", "{26EAE760-AF8C-419B-83A4-4CE0D3A62990}"
EndProject
Project("{FAE04EC0-301F-11D3-BF4B-00C04F79EFBC}") = "CRUD.Testing", "..\CRUD.Testing\CRUD.Testing.csproj", "{696D0348-2665-43B7-96B8-9A43CC875D7A}"
EndProject
Global
	GlobalSection(SolutionConfigurationPlatforms) = preSolution
		Debug|Any CPU = Debug|Any CPU
		Release|Any CPU = Release|Any CPU
	EndGlobalSection
	GlobalSection(ProjectConfigurationPlatforms) = postSolution
		{A683608A-F38D-4723-BE6B-D852E1E5BE83}.Debug|Any CPU.ActiveCfg = Debug|Any CPU
		{A683608A-F38D-4723-BE6B-D852E1E5BE83}.Debug|Any CPU.Build.0 = Debug|Any CPU
		{A683608A-F38D-4723-BE6B-D852E1E5BE83}.Release|Any CPU.ActiveCfg = Release|Any CPU
		{A683608A-F38D-4723-BE6B-D852E1E5BE83}.Release|Any CPU.Build.0 = Release|Any CPU
		{81DDED9D-158B-E303-5F62-77A2896D2A5A}.Debug|Any CPU.ActiveCfg = Debug|Any CPU
		{81DDED9D-158B-E303-5F62-77A2896D2A5A}.Debug|Any CPU.Build.0 = Debug|Any CPU
		{81DDED9D-158B-E303-5F62-77A2896D2A5A}.Release|Any CPU.ActiveCfg = Release|Any CPU
		{81DDED9D-158B-E303-5F62-77A2896D2A5A}.Release|Any CPU.Build.0 = Release|Any CPU
		{26EAE760-AF8C-419B-83A4-4CE0D3A62990}.Debug|Any CPU.ActiveCfg = Debug|Any CPU
		{26EAE760-AF8C-419B-83A4-4CE0D3A62990}.Debug|Any CPU.Build.0 = Debug|Any CPU
		{26EAE760-AF8C-419B-83A4-4CE0D3A62990}.Release|Any CPU.ActiveCfg = Release|Any CPU
		{26EAE760-AF8C-419B-83A4-4CE0D3A62990}.Release|Any CPU.Build.0 = Release|Any CPU
		{696D0348-2665-43B7-96B8-9A43CC875D7A}.Debug|Any CPU.ActiveCfg = Debug|Any CPU
		{696D0348-2665-43B7-96B8-9A43CC875D7A}.Debug|Any CPU.Build.0 = Debug|Any CPU
		{696D0348-2665-43B7-96B8-9A43CC875D7A}.Release|Any CPU.ActiveCfg = Release|Any CPU
		{696D0348-2665-43B7-96B8-9A43CC875D7A}.Release|Any CPU.Build.0 = Release|Any CPU
	EndGlobalSection
	GlobalSection(SolutionProperties) = preSolution
		HideSolutionNode = FALSE
	EndGlobalSection
	GlobalSection(NestedProjects) = preSolution
		{A683608A-F38D-4723-BE6B-D852E1E5BE83} = {02EA681E-C7D8-13C7-8484-4AC65E1B71E8}
		{26EAE760-AF8C-419B-83A4-4CE0D3A62990} = {02EA681E-C7D8-13C7-8484-4AC65E1B71E8}
	EndGlobalSection
	GlobalSection(ExtensibilityGlobals) = postSolution
		SolutionGuid = {B88C8F68-378D-4BE9-81FA-A34A7BC6AB01}
	EndGlobalSection
EndGlobal
